// !$*UTF8*$!
{
	archiveVersion = 1;
	classes = {
	};
	objectVersion = 48;
	objects = {

/* Begin PBXBuildFile section */
		2C01DE8C2049B64D0066379C /* AppDelegate.m in Sources */ = {isa = PBXBuildFile; fileRef = 2C01DE8B2049B64D0066379C /* AppDelegate.m */; };
		2C01DE8F2049B64D0066379C /* ViewController.m in Sources */ = {isa = PBXBuildFile; fileRef = 2C01DE8E2049B64D0066379C /* ViewController.m */; };
		2C01DE922049B64D0066379C /* Main.storyboard in Resources */ = {isa = PBXBuildFile; fileRef = 2C01DE902049B64D0066379C /* Main.storyboard */; };
		2C01DE942049B64D0066379C /* Assets.xcassets in Resources */ = {isa = PBXBuildFile; fileRef = 2C01DE932049B64D0066379C /* Assets.xcassets */; };
		2C01DE972049B64D0066379C /* LaunchScreen.storyboard in Resources */ = {isa = PBXBuildFile; fileRef = 2C01DE952049B64D0066379C /* LaunchScreen.storyboard */; };
		2C01DE9A2049B64D0066379C /* main.m in Sources */ = {isa = PBXBuildFile; fileRef = 2C01DE992049B64D0066379C /* main.m */; };
		2C0DCC4B2066CB2A002B3BB8 /* FriendDataLoadingOperation.m in Sources */ = {isa = PBXBuildFile; fileRef = 2C0DCC4A2066CB2A002B3BB8 /* FriendDataLoadingOperation.m */; };
		2C86BCFD205D815F006AF29C /* DataManager.m in Sources */ = {isa = PBXBuildFile; fileRef = 2C86BCFC205D815F006AF29C /* DataManager.m */; };
		2CD13B41204BB506002D32A4 /* FriendData.m in Sources */ = {isa = PBXBuildFile; fileRef = 2CD13B40204BB506002D32A4 /* FriendData.m */; };
		2CD13B45204BB595002D32A4 /* Gift.m in Sources */ = {isa = PBXBuildFile; fileRef = 2CD13B44204BB595002D32A4 /* Gift.m */; };
		2CD13B49204BBD1F002D32A4 /* MainScreenCell.m in Sources */ = {isa = PBXBuildFile; fileRef = 2CD13B47204BBD1F002D32A4 /* MainScreenCell.m */; };
		2CD13B4A204BBD1F002D32A4 /* MainScreenCell.xib in Resources */ = {isa = PBXBuildFile; fileRef = 2CD13B48204BBD1F002D32A4 /* MainScreenCell.xib */; };
		D87B17323463E4ABDBA8B80A /* libPods-GiftyApp.a in Frameworks */ = {isa = PBXBuildFile; fileRef = 283F9AAD6B8450A92AACA6EA /* libPods-GiftyApp.a */; };
		F9D29A64205D279F00AED3D3 /* GoogleService-Info.plist in Resources */ = {isa = PBXBuildFile; fileRef = F9D29A63205D279F00AED3D3 /* GoogleService-Info.plist */; };
/* End PBXBuildFile section */

/* Begin PBXFileReference section */
		283F9AAD6B8450A92AACA6EA /* libPods-GiftyApp.a */ = {isa = PBXFileReference; explicitFileType = archive.ar; includeInIndex = 0; path = "libPods-GiftyApp.a"; sourceTree = BUILT_PRODUCTS_DIR; };
		2C01DE872049B64D0066379C /* GiftyApp.app */ = {isa = PBXFileReference; explicitFileType = wrapper.application; includeInIndex = 0; path = GiftyApp.app; sourceTree = BUILT_PRODUCTS_DIR; };
		2C01DE8A2049B64D0066379C /* AppDelegate.h */ = {isa = PBXFileReference; lastKnownFileType = sourcecode.c.h; path = AppDelegate.h; sourceTree = "<group>"; };
		2C01DE8B2049B64D0066379C /* AppDelegate.m */ = {isa = PBXFileReference; lastKnownFileType = sourcecode.c.objc; path = AppDelegate.m; sourceTree = "<group>"; };
		2C01DE8D2049B64D0066379C /* ViewController.h */ = {isa = PBXFileReference; lastKnownFileType = sourcecode.c.h; path = ViewController.h; sourceTree = "<group>"; };
		2C01DE8E2049B64D0066379C /* ViewController.m */ = {isa = PBXFileReference; lastKnownFileType = sourcecode.c.objc; path = ViewController.m; sourceTree = "<group>"; };
		2C01DE912049B64D0066379C /* Base */ = {isa = PBXFileReference; lastKnownFileType = file.storyboard; name = Base; path = Base.lproj/Main.storyboard; sourceTree = "<group>"; };
		2C01DE932049B64D0066379C /* Assets.xcassets */ = {isa = PBXFileReference; lastKnownFileType = folder.assetcatalog; path = Assets.xcassets; sourceTree = "<group>"; };
		2C01DE962049B64D0066379C /* Base */ = {isa = PBXFileReference; lastKnownFileType = file.storyboard; name = Base; path = Base.lproj/LaunchScreen.storyboard; sourceTree = "<group>"; };
		2C01DE982049B64D0066379C /* Info.plist */ = {isa = PBXFileReference; lastKnownFileType = text.plist.xml; path = Info.plist; sourceTree = "<group>"; };
		2C01DE992049B64D0066379C /* main.m */ = {isa = PBXFileReference; lastKnownFileType = sourcecode.c.objc; path = main.m; sourceTree = "<group>"; };
		2C0DCC492066CB2A002B3BB8 /* FriendDataLoadingOperation.h */ = {isa = PBXFileReference; lastKnownFileType = sourcecode.c.h; path = FriendDataLoadingOperation.h; sourceTree = "<group>"; };
		2C0DCC4A2066CB2A002B3BB8 /* FriendDataLoadingOperation.m */ = {isa = PBXFileReference; lastKnownFileType = sourcecode.c.objc; path = FriendDataLoadingOperation.m; sourceTree = "<group>"; };
		2C86BCFB205D815F006AF29C /* DataManager.h */ = {isa = PBXFileReference; lastKnownFileType = sourcecode.c.h; path = DataManager.h; sourceTree = "<group>"; };
		2C86BCFC205D815F006AF29C /* DataManager.m */ = {isa = PBXFileReference; lastKnownFileType = sourcecode.c.objc; path = DataManager.m; sourceTree = "<group>"; };
		2C86BCFE205D84FF006AF29C /* DataManagerDelegate.h */ = {isa = PBXFileReference; lastKnownFileType = sourcecode.c.h; path = DataManagerDelegate.h; sourceTree = "<group>"; };
		2CD13B3F204BB506002D32A4 /* FriendData.h */ = {isa = PBXFileReference; lastKnownFileType = sourcecode.c.h; path = FriendData.h; sourceTree = "<group>"; };
		2CD13B40204BB506002D32A4 /* FriendData.m */ = {isa = PBXFileReference; lastKnownFileType = sourcecode.c.objc; path = FriendData.m; sourceTree = "<group>"; };
		2CD13B43204BB595002D32A4 /* Gift.h */ = {isa = PBXFileReference; lastKnownFileType = sourcecode.c.h; path = Gift.h; sourceTree = "<group>"; };
		2CD13B44204BB595002D32A4 /* Gift.m */ = {isa = PBXFileReference; lastKnownFileType = sourcecode.c.objc; path = Gift.m; sourceTree = "<group>"; };
		2CD13B46204BBD1F002D32A4 /* MainScreenCell.h */ = {isa = PBXFileReference; lastKnownFileType = sourcecode.c.h; path = MainScreenCell.h; sourceTree = "<group>"; };
		2CD13B47204BBD1F002D32A4 /* MainScreenCell.m */ = {isa = PBXFileReference; lastKnownFileType = sourcecode.c.objc; path = MainScreenCell.m; sourceTree = "<group>"; };
		2CD13B48204BBD1F002D32A4 /* MainScreenCell.xib */ = {isa = PBXFileReference; lastKnownFileType = file.xib; path = MainScreenCell.xib; sourceTree = "<group>"; };
		D96856F9148FA2247CD612F8 /* Pods-GiftyApp.release.xcconfig */ = {isa = PBXFileReference; includeInIndex = 1; lastKnownFileType = text.xcconfig; name = "Pods-GiftyApp.release.xcconfig"; path = "Pods/Target Support Files/Pods-GiftyApp/Pods-GiftyApp.release.xcconfig"; sourceTree = "<group>"; };
		EAF36ED19F201A5308136EB8 /* Pods-GiftyApp.debug.xcconfig */ = {isa = PBXFileReference; includeInIndex = 1; lastKnownFileType = text.xcconfig; name = "Pods-GiftyApp.debug.xcconfig"; path = "Pods/Target Support Files/Pods-GiftyApp/Pods-GiftyApp.debug.xcconfig"; sourceTree = "<group>"; };
		F9D29A63205D279F00AED3D3 /* GoogleService-Info.plist */ = {isa = PBXFileReference; fileEncoding = 4; lastKnownFileType = text.plist.xml; path = "GoogleService-Info.plist"; sourceTree = "<group>"; };
/* End PBXFileReference section */

/* Begin PBXFrameworksBuildPhase section */
		2C01DE842049B64D0066379C /* Frameworks */ = {
			isa = PBXFrameworksBuildPhase;
			buildActionMask = 2147483647;
			files = (
				D87B17323463E4ABDBA8B80A /* libPods-GiftyApp.a in Frameworks */,
			);
			runOnlyForDeploymentPostprocessing = 0;
		};
/* End PBXFrameworksBuildPhase section */

/* Begin PBXGroup section */
		2C01DE7E2049B64D0066379C = {
			isa = PBXGroup;
			children = (
				2C01DE892049B64D0066379C /* GiftyApp */,
				2C01DE882049B64D0066379C /* Products */,
				A4205DECAF1F2118317CDDAC /* Pods */,
				BDFBF396D9991F3723383657 /* Frameworks */,
			);
			sourceTree = "<group>";
		};
		2C01DE882049B64D0066379C /* Products */ = {
			isa = PBXGroup;
			children = (
				2C01DE872049B64D0066379C /* GiftyApp.app */,
			);
			name = Products;
			sourceTree = "<group>";
		};
		2C01DE892049B64D0066379C /* GiftyApp */ = {
			isa = PBXGroup;
			children = (
				2C01DE8A2049B64D0066379C /* AppDelegate.h */,
				2C01DE8B2049B64D0066379C /* AppDelegate.m */,
				2C01DE8D2049B64D0066379C /* ViewController.h */,
				2C01DE8E2049B64D0066379C /* ViewController.m */,
				2C86BCFB205D815F006AF29C /* DataManager.h */,
				2C86BCFC205D815F006AF29C /* DataManager.m */,
				2C86BCFE205D84FF006AF29C /* DataManagerDelegate.h */,
				2C0DCC4C2066CB3C002B3BB8 /* DataManagerOperation */,
				2CD13B42204BB580002D32A4 /* Data */,
				2C01DE902049B64D0066379C /* Main.storyboard */,
				2CD13B4B204BBD29002D32A4 /* Views */,
				2C01DE932049B64D0066379C /* Assets.xcassets */,
				2C01DE952049B64D0066379C /* LaunchScreen.storyboard */,
				2C01DE982049B64D0066379C /* Info.plist */,
				2C01DE992049B64D0066379C /* main.m */,
			);
			path = GiftyApp;
			sourceTree = "<group>";
		};
		2C0DCC4C2066CB3C002B3BB8 /* DataManagerOperation */ = {
			isa = PBXGroup;
			children = (
				2C0DCC492066CB2A002B3BB8 /* FriendDataLoadingOperation.h */,
				2C0DCC4A2066CB2A002B3BB8 /* FriendDataLoadingOperation.m */,
			);
			path = DataManagerOperation;
			sourceTree = "<group>";
		};
		2CD13B42204BB580002D32A4 /* Data */ = {
			isa = PBXGroup;
			children = (
				2CD13B3F204BB506002D32A4 /* FriendData.h */,
				2CD13B40204BB506002D32A4 /* FriendData.m */,
				2CD13B43204BB595002D32A4 /* Gift.h */,
				2CD13B44204BB595002D32A4 /* Gift.m */,
			);
			path = Data;
			sourceTree = "<group>";
		};
		2CD13B4B204BBD29002D32A4 /* Views */ = {
			isa = PBXGroup;
			children = (
				2CD13B46204BBD1F002D32A4 /* MainScreenCell.h */,
				2CD13B47204BBD1F002D32A4 /* MainScreenCell.m */,
				2CD13B48204BBD1F002D32A4 /* MainScreenCell.xib */,
			);
			path = Views;
			sourceTree = "<group>";
		};
		A4205DECAF1F2118317CDDAC /* Pods */ = {
			isa = PBXGroup;
			children = (
				EAF36ED19F201A5308136EB8 /* Pods-GiftyApp.debug.xcconfig */,
				D96856F9148FA2247CD612F8 /* Pods-GiftyApp.release.xcconfig */,
			);
			name = Pods;
			sourceTree = "<group>";
		};
		BDFBF396D9991F3723383657 /* Frameworks */ = {
			isa = PBXGroup;
			children = (
				F9D29A63205D279F00AED3D3 /* GoogleService-Info.plist */,
				283F9AAD6B8450A92AACA6EA /* libPods-GiftyApp.a */,
			);
			name = Frameworks;
			sourceTree = "<group>";
		};
/* End PBXGroup section */

/* Begin PBXNativeTarget section */
		2C01DE862049B64D0066379C /* GiftyApp */ = {
			isa = PBXNativeTarget;
			buildConfigurationList = 2C01DE9D2049B64D0066379C /* Build configuration list for PBXNativeTarget "GiftyApp" */;
			buildPhases = (
				7D5BC510136205CB5187DFA5 /* [CP] Check Pods Manifest.lock */,
				2C01DE832049B64D0066379C /* Sources */,
				2C01DE842049B64D0066379C /* Frameworks */,
				2C01DE852049B64D0066379C /* Resources */,
				EB43012FCDD24DAB2BBD643E /* [CP] Embed Pods Frameworks */,
				1B9568D26E4BCE18AACD736A /* [CP] Copy Pods Resources */,
			);
			buildRules = (
			);
			dependencies = (
			);
			name = GiftyApp;
			productName = GiftyApp;
			productReference = 2C01DE872049B64D0066379C /* GiftyApp.app */;
			productType = "com.apple.product-type.application";
		};
/* End PBXNativeTarget section */

/* Begin PBXProject section */
		2C01DE7F2049B64D0066379C /* Project object */ = {
			isa = PBXProject;
			attributes = {
				LastUpgradeCheck = 0920;
				ORGANIZATIONNAME = Dmitriy;
				TargetAttributes = {
					2C01DE862049B64D0066379C = {
						CreatedOnToolsVersion = 9.2;
						ProvisioningStyle = Automatic;
					};
				};
			};
			buildConfigurationList = 2C01DE822049B64D0066379C /* Build configuration list for PBXProject "GiftyApp" */;
			compatibilityVersion = "Xcode 8.0";
			developmentRegion = en;
			hasScannedForEncodings = 0;
			knownRegions = (
				en,
				Base,
			);
			mainGroup = 2C01DE7E2049B64D0066379C;
			productRefGroup = 2C01DE882049B64D0066379C /* Products */;
			projectDirPath = "";
			projectRoot = "";
			targets = (
				2C01DE862049B64D0066379C /* GiftyApp */,
			);
		};
/* End PBXProject section */

/* Begin PBXResourcesBuildPhase section */
		2C01DE852049B64D0066379C /* Resources */ = {
			isa = PBXResourcesBuildPhase;
			buildActionMask = 2147483647;
			files = (
				2CD13B4A204BBD1F002D32A4 /* MainScreenCell.xib in Resources */,
				2C01DE972049B64D0066379C /* LaunchScreen.storyboard in Resources */,
				F9D29A64205D279F00AED3D3 /* GoogleService-Info.plist in Resources */,
				2C01DE942049B64D0066379C /* Assets.xcassets in Resources */,
				2C01DE922049B64D0066379C /* Main.storyboard in Resources */,
			);
			runOnlyForDeploymentPostprocessing = 0;
		};
/* End PBXResourcesBuildPhase section */

/* Begin PBXShellScriptBuildPhase section */
		1B9568D26E4BCE18AACD736A /* [CP] Copy Pods Resources */ = {
			isa = PBXShellScriptBuildPhase;
			buildActionMask = 2147483647;
			files = (
			);
			inputPaths = (
			);
			name = "[CP] Copy Pods Resources";
			outputPaths = (
			);
			runOnlyForDeploymentPostprocessing = 0;
			shellPath = /bin/sh;
			shellScript = "\"${SRCROOT}/Pods/Target Support Files/Pods-GiftyApp/Pods-GiftyApp-resources.sh\"\n";
			showEnvVarsInLog = 0;
		};
		7D5BC510136205CB5187DFA5 /* [CP] Check Pods Manifest.lock */ = {
			isa = PBXShellScriptBuildPhase;
			buildActionMask = 2147483647;
			files = (
			);
			inputPaths = (
				"${PODS_PODFILE_DIR_PATH}/Podfile.lock",
				"${PODS_ROOT}/Manifest.lock",
			);
			name = "[CP] Check Pods Manifest.lock";
			outputPaths = (
				"$(DERIVED_FILE_DIR)/Pods-GiftyApp-checkManifestLockResult.txt",
			);
			runOnlyForDeploymentPostprocessing = 0;
			shellPath = /bin/sh;
			shellScript = "diff \"${PODS_PODFILE_DIR_PATH}/Podfile.lock\" \"${PODS_ROOT}/Manifest.lock\" > /dev/null\nif [ $? != 0 ] ; then\n    # print error to STDERR\n    echo \"error: The sandbox is not in sync with the Podfile.lock. Run 'pod install' or update your CocoaPods installation.\" >&2\n    exit 1\nfi\n# This output is used by Xcode 'outputs' to avoid re-running this script phase.\necho \"SUCCESS\" > \"${SCRIPT_OUTPUT_FILE_0}\"\n";
			showEnvVarsInLog = 0;
		};
		EB43012FCDD24DAB2BBD643E /* [CP] Embed Pods Frameworks */ = {
			isa = PBXShellScriptBuildPhase;
			buildActionMask = 2147483647;
			files = (
			);
			inputPaths = (
			);
			name = "[CP] Embed Pods Frameworks";
			outputPaths = (
			);
			runOnlyForDeploymentPostprocessing = 0;
			shellPath = /bin/sh;
			shellScript = "\"${SRCROOT}/Pods/Target Support Files/Pods-GiftyApp/Pods-GiftyApp-frameworks.sh\"\n";
			showEnvVarsInLog = 0;
		};
/* End PBXShellScriptBuildPhase section */

/* Begin PBXSourcesBuildPhase section */
		2C01DE832049B64D0066379C /* Sources */ = {
			isa = PBXSourcesBuildPhase;
			buildActionMask = 2147483647;
			files = (
				2C0DCC4B2066CB2A002B3BB8 /* FriendDataLoadingOperation.m in Sources */,
				2CD13B45204BB595002D32A4 /* Gift.m in Sources */,
				2C01DE8F2049B64D0066379C /* ViewController.m in Sources */,
				2CD13B41204BB506002D32A4 /* FriendData.m in Sources */,
				2C01DE9A2049B64D0066379C /* main.m in Sources */,
				2CD13B49204BBD1F002D32A4 /* MainScreenCell.m in Sources */,
				2C86BCFD205D815F006AF29C /* DataManager.m in Sources */,
				2C01DE8C2049B64D0066379C /* AppDelegate.m in Sources */,
			);
			runOnlyForDeploymentPostprocessing = 0;
		};
/* End PBXSourcesBuildPhase section */

/* Begin PBXVariantGroup section */
		2C01DE902049B64D0066379C /* Main.storyboard */ = {
			isa = PBXVariantGroup;
			children = (
				2C01DE912049B64D0066379C /* Base */,
			);
			name = Main.storyboard;
			sourceTree = "<group>";
		};
		2C01DE952049B64D0066379C /* LaunchScreen.storyboard */ = {
			isa = PBXVariantGroup;
			children = (
				2C01DE962049B64D0066379C /* Base */,
			);
			name = LaunchScreen.storyboard;
			sourceTree = "<group>";
		};
/* End PBXVariantGroup section */

/* Begin XCBuildConfiguration section */
		2C01DE9B2049B64D0066379C /* Debug */ = {
			isa = XCBuildConfiguration;
			buildSettings = {
				ALWAYS_SEARCH_USER_PATHS = NO;
				CLANG_ANALYZER_NONNULL = YES;
				CLANG_ANALYZER_NUMBER_OBJECT_CONVERSION = YES_AGGRESSIVE;
				CLANG_CXX_LANGUAGE_STANDARD = "gnu++14";
				CLANG_CXX_LIBRARY = "libc++";
				CLANG_ENABLE_MODULES = YES;
				CLANG_ENABLE_OBJC_ARC = YES;
				CLANG_WARN_BLOCK_CAPTURE_AUTORELEASING = YES;
				CLANG_WARN_BOOL_CONVERSION = YES;
				CLANG_WARN_COMMA = YES;
				CLANG_WARN_CONSTANT_CONVERSION = YES;
				CLANG_WARN_DIRECT_OBJC_ISA_USAGE = YES_ERROR;
				CLANG_WARN_DOCUMENTATION_COMMENTS = YES;
				CLANG_WARN_EMPTY_BODY = YES;
				CLANG_WARN_ENUM_CONVERSION = YES;
				CLANG_WARN_INFINITE_RECURSION = YES;
				CLANG_WARN_INT_CONVERSION = YES;
				CLANG_WARN_NON_LITERAL_NULL_CONVERSION = YES;
				CLANG_WARN_OBJC_LITERAL_CONVERSION = YES;
				CLANG_WARN_OBJC_ROOT_CLASS = YES_ERROR;
				CLANG_WARN_RANGE_LOOP_ANALYSIS = YES;
				CLANG_WARN_STRICT_PROTOTYPES = YES;
				CLANG_WARN_SUSPICIOUS_MOVE = YES;
				CLANG_WARN_UNGUARDED_AVAILABILITY = YES_AGGRESSIVE;
				CLANG_WARN_UNREACHABLE_CODE = YES;
				CLANG_WARN__DUPLICATE_METHOD_MATCH = YES;
				CODE_SIGN_IDENTITY = "iPhone Developer";
				COPY_PHASE_STRIP = NO;
				DEBUG_INFORMATION_FORMAT = dwarf;
				ENABLE_STRICT_OBJC_MSGSEND = YES;
				ENABLE_TESTABILITY = YES;
				GCC_C_LANGUAGE_STANDARD = gnu11;
				GCC_DYNAMIC_NO_PIC = NO;
				GCC_NO_COMMON_BLOCKS = YES;
				GCC_OPTIMIZATION_LEVEL = 0;
				GCC_PREPROCESSOR_DEFINITIONS = (
					"DEBUG=1",
					"$(inherited)",
				);
				GCC_WARN_64_TO_32_BIT_CONVERSION = YES;
				GCC_WARN_ABOUT_RETURN_TYPE = YES_ERROR;
				GCC_WARN_UNDECLARED_SELECTOR = YES;
				GCC_WARN_UNINITIALIZED_AUTOS = YES_AGGRESSIVE;
				GCC_WARN_UNUSED_FUNCTION = YES;
				GCC_WARN_UNUSED_VARIABLE = YES;
				IPHONEOS_DEPLOYMENT_TARGET = 11.2;
				MTL_ENABLE_DEBUG_INFO = YES;
				ONLY_ACTIVE_ARCH = YES;
				SDKROOT = iphoneos;
			};
			name = Debug;
		};
		2C01DE9C2049B64D0066379C /* Release */ = {
			isa = XCBuildConfiguration;
			buildSettings = {
				ALWAYS_SEARCH_USER_PATHS = NO;
				CLANG_ANALYZER_NONNULL = YES;
				CLANG_ANALYZER_NUMBER_OBJECT_CONVERSION = YES_AGGRESSIVE;
				CLANG_CXX_LANGUAGE_STANDARD = "gnu++14";
				CLANG_CXX_LIBRARY = "libc++";
				CLANG_ENABLE_MODULES = YES;
				CLANG_ENABLE_OBJC_ARC = YES;
				CLANG_WARN_BLOCK_CAPTURE_AUTORELEASING = YES;
				CLANG_WARN_BOOL_CONVERSION = YES;
				CLANG_WARN_COMMA = YES;
				CLANG_WARN_CONSTANT_CONVERSION = YES;
				CLANG_WARN_DIRECT_OBJC_ISA_USAGE = YES_ERROR;
				CLANG_WARN_DOCUMENTATION_COMMENTS = YES;
				CLANG_WARN_EMPTY_BODY = YES;
				CLANG_WARN_ENUM_CONVERSION = YES;
				CLANG_WARN_INFINITE_RECURSION = YES;
				CLANG_WARN_INT_CONVERSION = YES;
				CLANG_WARN_NON_LITERAL_NULL_CONVERSION = YES;
				CLANG_WARN_OBJC_LITERAL_CONVERSION = YES;
				CLANG_WARN_OBJC_ROOT_CLASS = YES_ERROR;
				CLANG_WARN_RANGE_LOOP_ANALYSIS = YES;
				CLANG_WARN_STRICT_PROTOTYPES = YES;
				CLANG_WARN_SUSPICIOUS_MOVE = YES;
				CLANG_WARN_UNGUARDED_AVAILABILITY = YES_AGGRESSIVE;
				CLANG_WARN_UNREACHABLE_CODE = YES;
				CLANG_WARN__DUPLICATE_METHOD_MATCH = YES;
				CODE_SIGN_IDENTITY = "iPhone Developer";
				COPY_PHASE_STRIP = NO;
				DEBUG_INFORMATION_FORMAT = "dwarf-with-dsym";
				ENABLE_NS_ASSERTIONS = NO;
				ENABLE_STRICT_OBJC_MSGSEND = YES;
				GCC_C_LANGUAGE_STANDARD = gnu11;
				GCC_NO_COMMON_BLOCKS = YES;
				GCC_WARN_64_TO_32_BIT_CONVERSION = YES;
				GCC_WARN_ABOUT_RETURN_TYPE = YES_ERROR;
				GCC_WARN_UNDECLARED_SELECTOR = YES;
				GCC_WARN_UNINITIALIZED_AUTOS = YES_AGGRESSIVE;
				GCC_WARN_UNUSED_FUNCTION = YES;
				GCC_WARN_UNUSED_VARIABLE = YES;
				IPHONEOS_DEPLOYMENT_TARGET = 11.2;
				MTL_ENABLE_DEBUG_INFO = NO;
				SDKROOT = iphoneos;
				VALIDATE_PRODUCT = YES;
			};
			name = Release;
		};
		2C01DE9E2049B64D0066379C /* Debug */ = {
			isa = XCBuildConfiguration;
			baseConfigurationReference = EAF36ED19F201A5308136EB8 /* Pods-GiftyApp.debug.xcconfig */;
			buildSettings = {
				ASSETCATALOG_COMPILER_APPICON_NAME = AppIcon;
				"CODE_SIGN_IDENTITY[sdk=iphoneos*]" = "iPhone Developer";
				CODE_SIGN_STYLE = Automatic;
				DEVELOPMENT_TEAM = 292K3XX9N4;
				INFOPLIST_FILE = GiftyApp/Info.plist;
				LD_RUNPATH_SEARCH_PATHS = "$(inherited) @executable_path/Frameworks";
				PRODUCT_BUNDLE_IDENTIFIER = com.Dmitriy.GiftyApp;
				PRODUCT_NAME = "$(TARGET_NAME)";
				PROVISIONING_PROFILE_SPECIFIER = "";
				TARGETED_DEVICE_FAMILY = "1,2";
			};
			name = Debug;
		};
		2C01DE9F2049B64D0066379C /* Release */ = {
			isa = XCBuildConfiguration;
			baseConfigurationReference = D96856F9148FA2247CD612F8 /* Pods-GiftyApp.release.xcconfig */;
			buildSettings = {
				ASSETCATALOG_COMPILER_APPICON_NAME = AppIcon;
				"CODE_SIGN_IDENTITY[sdk=iphoneos*]" = "iPhone Developer";
				CODE_SIGN_STYLE = Automatic;
				DEVELOPMENT_TEAM = 292K3XX9N4;
				INFOPLIST_FILE = GiftyApp/Info.plist;
				LD_RUNPATH_SEARCH_PATHS = "$(inherited) @executable_path/Frameworks";
				PRODUCT_BUNDLE_IDENTIFIER = com.Dmitriy.GiftyApp;
				PRODUCT_NAME = "$(TARGET_NAME)";
				PROVISIONING_PROFILE_SPECIFIER = "";
				TARGETED_DEVICE_FAMILY = "1,2";
			};
			name = Release;
		};
/* End XCBuildConfiguration section */

/* Begin XCConfigurationList section */
		2C01DE822049B64D0066379C /* Build configuration list for PBXProject "GiftyApp" */ = {
			isa = XCConfigurationList;
			buildConfigurations = (
				2C01DE9B2049B64D0066379C /* Debug */,
				2C01DE9C2049B64D0066379C /* Release */,
			);
			defaultConfigurationIsVisible = 0;
			defaultConfigurationName = Release;
		};
		2C01DE9D2049B64D0066379C /* Build configuration list for PBXNativeTarget "GiftyApp" */ = {
			isa = XCConfigurationList;
			buildConfigurations = (
				2C01DE9E2049B64D0066379C /* Debug */,
				2C01DE9F2049B64D0066379C /* Release */,
			);
			defaultConfigurationIsVisible = 0;
			defaultConfigurationName = Release;
		};
/* End XCConfigurationList section */
	};
	rootObject = 2C01DE7F2049B64D0066379C /* Project object */;
}
